
Microsoft Visual Studio Solution File, Format Version 12.00
# Visual Studio Version 16
VisualStudioVersion = 16.0.31729.503
MinimumVisualStudioVersion = 10.0.40219.1
Project("{FAE04EC0-301F-11D3-BF4B-00C04F79EFBC}") = "HPlusEcommerce", "HPlusEcommerce\HPlusEcommerce.csproj", "{BEE51158-2BE8-4B0E-B764-F918B981F725}"
EndProject
Global
	GlobalSection(SolutionConfigurationPlatforms) = preSolution
		Debug|Any CPU = Debug|Any CPU
		Release|Any CPU = Release|Any CPU
	EndGlobalSection
	GlobalSection(ProjectConfigurationPlatforms) = postSolution
		{BEE51158-2BE8-4B0E-B764-F918B981F725}.Debug|Any CPU.ActiveCfg = Debug|Any CPU
		{BEE51158-2BE8-4B0E-B764-F918B981F725}.Debug|Any CPU.Build.0 = Debug|Any CPU
		{BEE51158-2BE8-4B0E-B764-F918B981F725}.Release|Any CPU.ActiveCfg = Release|Any CPU
		{BEE51158-2BE8-4B0E-B764-F918B981F725}.Release|Any CPU.Build.0 = Release|Any CPU
	EndGlobalSection
	GlobalSection(SolutionProperties) = preSolution
		HideSolutionNode = FALSE
	EndGlobalSection
	GlobalSection(ExtensibilityGlobals) = postSolution
		SolutionGuid = {F5D6E2EB-2087-461B-A964-DD230ACFC0DC}
	EndGlobalSection
EndGlobal
